// !$*UTF8*$!
{
	archiveVersion = 1;
	classes = {
	};
	objectVersion = 46;
	objects = {

/* Begin PBXBuildFile section */
		698301A31F81BF83007401AA /* kiss_fft.c in Sources */ = {isa = PBXBuildFile; fileRef = 698301781F81BF83007401AA /* kiss_fft.c */; };
		6993F26F1E270C1400D69DFB /* main.cpp in Sources */ = {isa = PBXBuildFile; fileRef = 6993F26E1E270C1400D69DFB /* main.cpp */; };
/* End PBXBuildFile section */

/* Begin PBXCopyFilesBuildPhase section */
		6993F2691E270C1400D69DFB /* CopyFiles */ = {
			isa = PBXCopyFilesBuildPhase;
			buildActionMask = 2147483647;
			dstPath = /usr/share/man/man1/;
			dstSubfolderSpec = 0;
			files = (
			);
			runOnlyForDeploymentPostprocessing = 1;
		};
/* End PBXCopyFilesBuildPhase section */

/* Begin PBXFileReference section */
		698301781F81BF83007401AA /* kiss_fft.c */ = {isa = PBXFileReference; fileEncoding = 4; lastKnownFileType = sourcecode.c.c; path = kiss_fft.c; sourceTree = "<group>"; };
		6983019B1F81BF83007401AA /* _kiss_fft_guts.h */ = {isa = PBXFileReference; fileEncoding = 4; lastKnownFileType = sourcecode.c.h; path = _kiss_fft_guts.h; sourceTree = "<group>"; };
		6983019E1F81BF83007401AA /* kiss_fft.h */ = {isa = PBXFileReference; fileEncoding = 4; lastKnownFileType = sourcecode.c.h; path = kiss_fft.h; sourceTree = "<group>"; };
		698301A01F81BF83007401AA /* kissfft.hh */ = {isa = PBXFileReference; fileEncoding = 4; lastKnownFileType = sourcecode.cpp.h; path = kissfft.hh; sourceTree = "<group>"; };
		6993F26B1E270C1400D69DFB /* testingCPP */ = {isa = PBXFileReference; explicitFileType = "compiled.mach-o.executable"; includeInIndex = 0; path = testingCPP; sourceTree = BUILT_PRODUCTS_DIR; };
		6993F26E1E270C1400D69DFB /* main.cpp */ = {isa = PBXFileReference; lastKnownFileType = sourcecode.cpp.cpp; path = main.cpp; sourceTree = "<group>"; };
/* End PBXFileReference section */

/* Begin PBXFrameworksBuildPhase section */
		6993F2681E270C1400D69DFB /* Frameworks */ = {
			isa = PBXFrameworksBuildPhase;
			buildActionMask = 2147483647;
			files = (
			);
			runOnlyForDeploymentPostprocessing = 0;
		};
/* End PBXFrameworksBuildPhase section */

/* Begin PBXGroup section */
		698301771F81BF83007401AA /* kiss_fft130 */ = {
			isa = PBXGroup;
			children = (
				698301781F81BF83007401AA /* kiss_fft.c */,
				6983019B1F81BF83007401AA /* _kiss_fft_guts.h */,
				6983019E1F81BF83007401AA /* kiss_fft.h */,
				698301A01F81BF83007401AA /* kissfft.hh */,
			);
			path = kiss_fft130;
			sourceTree = "<group>";
		};
		6993F2621E270C1400D69DFB = {
			isa = PBXGroup;
			children = (
				6993F26D1E270C1400D69DFB /* testingCPP */,
				6993F26C1E270C1400D69DFB /* Products */,
			);
			sourceTree = "<group>";
		};
		6993F26C1E270C1400D69DFB /* Products */ = {
			isa = PBXGroup;
			children = (
				6993F26B1E270C1400D69DFB /* testingCPP */,
			);
			name = Products;
			sourceTree = "<group>";
		};
		6993F26D1E270C1400D69DFB /* testingCPP */ = {
			isa = PBXGroup;
			children = (
				6993F26E1E270C1400D69DFB /* main.cpp */,
				698301771F81BF83007401AA /* kiss_fft130 */,
			);
			path = testingCPP;
			sourceTree = "<group>";
		};
/* End PBXGroup section */

/* Begin PBXNativeTarget section */
		6993F26A1E270C1400D69DFB /* testingCPP */ = {
			isa = PBXNativeTarget;
			buildConfigurationList = 6993F2721E270C1400D69DFB /* Build configuration list for PBXNativeTarget "testingCPP" */;
			buildPhases = (
				6993F2671E270C1400D69DFB /* Sources */,
				6993F2681E270C1400D69DFB /* Frameworks */,
				6993F2691E270C1400D69DFB /* CopyFiles */,
			);
			buildRules = (
			);
			dependencies = (
			);
			name = testingCPP;
			productName = testingCPP;
			productReference = 6993F26B1E270C1400D69DFB /* testingCPP */;
			productType = "com.apple.product-type.tool";
		};
/* End PBXNativeTarget section */

/* Begin PBXProject section */
		6993F2631E270C1400D69DFB /* Project object */ = {
			isa = PBXProject;
			attributes = {
				LastUpgradeCheck = 0900;
				ORGANIZATIONNAME = "Mahmud Ahmad";
				TargetAttributes = {
					6993F26A1E270C1400D69DFB = {
						CreatedOnToolsVersion = 8.2.1;
						DevelopmentTeam = 8MT84XE54V;
						ProvisioningStyle = Automatic;
					};
				};
			};
			buildConfigurationList = 6993F2661E270C1400D69DFB /* Build configuration list for PBXProject "testingCPP" */;
			compatibilityVersion = "Xcode 3.2";
			developmentRegion = English;
			hasScannedForEncodings = 0;
			knownRegions = (
				en,
			);
			mainGroup = 6993F2621E270C1400D69DFB;
			productRefGroup = 6993F26C1E270C1400D69DFB /* Products */;
			projectDirPath = "";
			projectRoot = "";
			targets = (
				6993F26A1E270C1400D69DFB /* testingCPP */,
			);
		};
/* End PBXProject section */

/* Begin PBXSourcesBuildPhase section */
		6993F2671E270C1400D69DFB /* Sources */ = {
			isa = PBXSourcesBuildPhase;
			buildActionMask = 2147483647;
			files = (
				698301A31F81BF83007401AA /* kiss_fft.c in Sources */,
				6993F26F1E270C1400D69DFB /* main.cpp in Sources */,
			);
			runOnlyForDeploymentPostprocessing = 0;
		};
/* End PBXSourcesBuildPhase section */

/* Begin XCBuildConfiguration section */
		6993F2701E270C1400D69DFB /* Debug */ = {
			isa = XCBuildConfiguration;
			buildSettings = {
				ALWAYS_SEARCH_USER_PATHS = NO;
				CLANG_ANALYZER_NONNULL = YES;
				CLANG_CXX_LANGUAGE_STANDARD = "gnu++0x";
				CLANG_CXX_LIBRARY = "libc++";
				CLANG_ENABLE_MODULES = YES;
				CLANG_ENABLE_OBJC_ARC = YES;
				CLANG_WARN_BLOCK_CAPTURE_AUTORELEASING = YES;
				CLANG_WARN_BOOL_CONVERSION = YES;
				CLANG_WARN_COMMA = YES;
				CLANG_WARN_CONSTANT_CONVERSION = YES;
				CLANG_WARN_DIRECT_OBJC_ISA_USAGE = YES_ERROR;
				CLANG_WARN_DOCUMENTATION_COMMENTS = YES;
				CLANG_WARN_EMPTY_BODY = YES;
				CLANG_WARN_ENUM_CONVERSION = YES;
				CLANG_WARN_INFINITE_RECURSION = YES;
				CLANG_WARN_INT_CONVERSION = YES;
				CLANG_WARN_NON_LITERAL_NULL_CONVERSION = YES;
				CLANG_WARN_OBJC_LITERAL_CONVERSION = YES;
				CLANG_WARN_OBJC_ROOT_CLASS = YES_ERROR;
				CLANG_WARN_RANGE_LOOP_ANALYSIS = YES;
				CLANG_WARN_STRICT_PROTOTYPES = YES;
				CLANG_WARN_SUSPICIOUS_MOVE = YES;
				CLANG_WARN_UNREACHABLE_CODE = YES;
				CLANG_WARN__DUPLICATE_METHOD_MATCH = YES;
				CODE_SIGN_IDENTITY = "-";
				COPY_PHASE_STRIP = NO;
				DEBUG_INFORMATION_FORMAT = dwarf;
				ENABLE_STRICT_OBJC_MSGSEND = YES;
				ENABLE_TESTABILITY = YES;
				GCC_C_LANGUAGE_STANDARD = gnu99;
				GCC_DYNAMIC_NO_PIC = NO;
				GCC_NO_COMMON_BLOCKS = YES;
				GCC_OPTIMIZATION_LEVEL = 0;
				GCC_PREPROCESSOR_DEFINITIONS = (
					"DEBUG=1",
					"$(inherited)",
				);
				GCC_WARN_64_TO_32_BIT_CONVERSION = YES;
				GCC_WARN_ABOUT_RETURN_TYPE = YES_ERROR;
				GCC_WARN_UNDECLARED_SELECTOR = YES;
				GCC_WARN_UNINITIALIZED_AUTOS = YES_AGGRESSIVE;
				GCC_WARN_UNUSED_FUNCTION = YES;
				GCC_WARN_UNUSED_VARIABLE = YES;
				MACOSX_DEPLOYMENT_TARGET = 10.12;
				MTL_ENABLE_DEBUG_INFO = YES;
				ONLY_ACTIVE_ARCH = YES;
				SDKROOT = macosx;
			};
			name = Debug;
		};
		6993F2711E270C1400D69DFB /* Release */ = {
			isa = XCBuildConfiguration;
			buildSettings = {
				ALWAYS_SEARCH_USER_PATHS = NO;
				CLANG_ANALYZER_NONNULL = YES;
				CLANG_CXX_LANGUAGE_STANDARD = "gnu++0x";
				CLANG_CXX_LIBRARY = "libc++";
				CLANG_ENABLE_MODULES = YES;
				CLANG_ENABLE_OBJC_ARC = YES;
				CLANG_WARN_BLOCK_CAPTURE_AUTORELEASING = YES;
				CLANG_WARN_BOOL_CONVERSION = YES;
				CLANG_WARN_COMMA = YES;
				CLANG_WARN_CONSTANT_CONVERSION = YES;
				CLANG_WARN_DIRECT_OBJC_ISA_USAGE = YES_ERROR;
				CLANG_WARN_DOCUMENTATION_COMMENTS = YES;
				CLANG_WARN_EMPTY_BODY = YES;
				CLANG_WARN_ENUM_CONVERSION = YES;
				CLANG_WARN_INFINITE_RECURSION = YES;
				CLANG_WARN_INT_CONVERSION = YES;
				CLANG_WARN_NON_LITERAL_NULL_CONVERSION = YES;
				CLANG_WARN_OBJC_LITERAL_CONVERSION = YES;
				CLANG_WARN_OBJC_ROOT_CLASS = YES_ERROR;
				CLANG_WARN_RANGE_LOOP_ANALYSIS = YES;
				CLANG_WARN_STRICT_PROTOTYPES = YES;
				CLANG_WARN_SUSPICIOUS_MOVE = YES;
				CLANG_WARN_UNREACHABLE_CODE = YES;
				CLANG_WARN__DUPLICATE_METHOD_MATCH = YES;
				CODE_SIGN_IDENTITY = "-";
				COPY_PHASE_STRIP = NO;
				DEBUG_INFORMATION_FORMAT = "dwarf-with-dsym";
				ENABLE_NS_ASSERTIONS = NO;
				ENABLE_STRICT_OBJC_MSGSEND = YES;
				GCC_C_LANGUAGE_STANDARD = gnu99;
				GCC_NO_COMMON_BLOCKS = YES;
				GCC_WARN_64_TO_32_BIT_CONVERSION = YES;
				GCC_WARN_ABOUT_RETURN_TYPE = YES_ERROR;
				GCC_WARN_UNDECLARED_SELECTOR = YES;
				GCC_WARN_UNINITIALIZED_AUTOS = YES_AGGRESSIVE;
				GCC_WARN_UNUSED_FUNCTION = YES;
				GCC_WARN_UNUSED_VARIABLE = YES;
				MACOSX_DEPLOYMENT_TARGET = 10.12;
				MTL_ENABLE_DEBUG_INFO = NO;
				SDKROOT = macosx;
			};
			name = Release;
		};
		6993F2731E270C1400D69DFB /* Debug */ = {
			isa = XCBuildConfiguration;
			buildSettings = {
				DEVELOPMENT_TEAM = 8MT84XE54V;
				PRODUCT_NAME = "$(TARGET_NAME)";
			};
			name = Debug;
		};
		6993F2741E270C1400D69DFB /* Release */ = {
			isa = XCBuildConfiguration;
			buildSettings = {
				DEVELOPMENT_TEAM = 8MT84XE54V;
				PRODUCT_NAME = "$(TARGET_NAME)";
			};
			name = Release;
		};
/* End XCBuildConfiguration section */

/* Begin XCConfigurationList section */
		6993F2661E270C1400D69DFB /* Build configuration list for PBXProject "testingCPP" */ = {
			isa = XCConfigurationList;
			buildConfigurations = (
				6993F2701E270C1400D69DFB /* Debug */,
				6993F2711E270C1400D69DFB /* Release */,
			);
			defaultConfigurationIsVisible = 0;
			defaultConfigurationName = Release;
		};
		6993F2721E270C1400D69DFB /* Build configuration list for PBXNativeTarget "testingCPP" */ = {
			isa = XCConfigurationList;
			buildConfigurations = (
				6993F2731E270C1400D69DFB /* Debug */,
				6993F2741E270C1400D69DFB /* Release */,
			);
			defaultConfigurationIsVisible = 0;
			defaultConfigurationName = Release;
		};
/* End XCConfigurationList section */
	};
	rootObject = 6993F2631E270C1400D69DFB /* Project object */;
}
